{
  "lockfile_version": "1",
  "packages": {
    "just@latest": {
      "last_modified": "2025-01-20T10:56:48Z",
      "resolved": "github:NixOS/nixpkgs/300081d0cc72df578b02d914df941b8ec62240e6#just",
      "source": "devbox-search",
      "version": "1.38.0",
      "systems": {
        "aarch64-darwin": {
          "outputs": [
            {
              "name": "out",
              "path": "/nix/store/y5p9kh23a2prqs8z7xr06pv0w0wcbqyg-just-1.38.0",
              "default": true
            },
            {
              "name": "man",
              "path": "/nix/store/akbh1cq91fq5wxm7b5b5l0a7na87g690-just-1.38.0-man",
              "default": true
            },
            {
              "name": "doc",
              "path": "/nix/store/d0pgca0lrbr26ipjp643k7vcvc7p30gk-just-1.38.0-doc"
            }
          ],
          "store_path": "/nix/store/y5p9kh23a2prqs8z7xr06pv0w0wcbqyg-just-1.38.0"
        },
        "aarch64-linux": {
          "outputs": [
            {
              "name": "out",
              "path": "/nix/store/ns136v5wws9nsm4a2jq1k91q4lp9glai-just-1.38.0",
              "default": true
            },
            {
              "name": "man",
              "path": "/nix/store/lpqpizw5yrbw3vmf3a0jbqs65114ixk1-just-1.38.0-man",
              "default": true
            },
            {
              "name": "doc",
              "path": "/nix/store/97b06v3cql0f34x8hxs2mp9c4spmp6mp-just-1.38.0-doc"
            }
          ],
          "store_path": "/nix/store/ns136v5wws9nsm4a2jq1k91q4lp9glai-just-1.38.0"
        },
        "x86_64-darwin": {
          "outputs": [
            {
              "name": "out",
              "path": "/nix/store/n32qw3g0cq9xfl4byplrynj1qwf27gy3-just-1.38.0",
              "default": true
            },
            {
              "name": "man",
              "path": "/nix/store/zgrahz735hw0rq20zlqizkpq7hzrv8vk-just-1.38.0-man",
              "default": true
            },
            {
              "name": "doc",
              "path": "/nix/store/smg4xr7k46aqs5k7zyd9pw26hm4sz16q-just-1.38.0-doc"
            }
          ],
          "store_path": "/nix/store/n32qw3g0cq9xfl4byplrynj1qwf27gy3-just-1.38.0"
        },
        "x86_64-linux": {
          "outputs": [
            {
              "name": "out",
              "path": "/nix/store/kw7flxw5g779g1g5c6ri0pf4nfbyh5wd-just-1.38.0",
              "default": true
            },
            {
              "name": "man",
              "path": "/nix/store/gfjgll67z6slm5ldyy8c8x330f24icwp-just-1.38.0-man",
              "default": true
            },
            {
              "name": "doc",
              "path": "/nix/store/kfnz1csa7yj6yrzi9rbh7yy629j9gns5-just-1.38.0-doc"
            }
          ],
          "store_path": "/nix/store/kw7flxw5g779g1g5c6ri0pf4nfbyh5wd-just-1.38.0"
        }
      }
    },
    "maturin@latest": {
      "last_modified": "2025-01-19T08:16:51Z",
      "resolved": "github:NixOS/nixpkgs/50165c4f7eb48ce82bd063e1fb8047a0f515f8ce#maturin",
      "source": "devbox-search",
      "version": "1.8.1",
      "systems": {
        "aarch64-darwin": {
          "outputs": [
            {
              "name": "out",
              "path": "/nix/store/mlnq5hsgpavm27llhrb95dcrvabhk49r-maturin-1.8.1",
              "default": true
            }
          ],
          "store_path": "/nix/store/mlnq5hsgpavm27llhrb95dcrvabhk49r-maturin-1.8.1"
        },
        "aarch64-linux": {
          "outputs": [
            {
              "name": "out",
              "path": "/nix/store/1kg1cw54621y47hra6zjnd4ii41c4f7f-maturin-1.8.1",
              "default": true
            }
          ],
          "store_path": "/nix/store/1kg1cw54621y47hra6zjnd4ii41c4f7f-maturin-1.8.1"
        },
        "x86_64-darwin": {
          "outputs": [
            {
              "name": "out",
              "path": "/nix/store/fxil2yfirmp2c0bp0ad0v34cd35c5s3c-maturin-1.8.1",
              "default": true
            }
          ],
          "store_path": "/nix/store/fxil2yfirmp2c0bp0ad0v34cd35c5s3c-maturin-1.8.1"
        },
        "x86_64-linux": {
          "outputs": [
            {
              "name": "out",
              "path": "/nix/store/3bi7zkzyfn6jj2hdr2z6ngpbqhnramyq-maturin-1.8.1",
              "default": true
            }
          ],
          "store_path": "/nix/store/3bi7zkzyfn6jj2hdr2z6ngpbqhnramyq-maturin-1.8.1"
        }
      }
    },
    "pipenv": {
      "resolved": "github:NixOS/nixpkgs/75a52265bda7fd25e06e3a67dee3f0354e73243c#pipenv",
      "source": "nixpkg"
    },
    "python@3.13": {
      "last_modified": "2024-12-23T21:10:33Z",
      "plugin_version": "0.0.4",
      "resolved": "github:NixOS/nixpkgs/de1864217bfa9b5845f465e771e0ecb48b30e02d#python313",
      "source": "devbox-search",
      "version": "3.13.1",
      "systems": {
        "aarch64-darwin": {
          "outputs": [
            {
              "name": "out",
              "path": "/nix/store/wn0n52lnysbscn702gfp20sx96cryiwp-python3-3.13.1",
              "default": true
            }
          ],
          "store_path": "/nix/store/wn0n52lnysbscn702gfp20sx96cryiwp-python3-3.13.1"
        },
        "aarch64-linux": {
          "outputs": [
            {
              "name": "out",
              "path": "/nix/store/hskvsfyapfx5sqk5mhcylzbjpxkr51f6-python3-3.13.1",
              "default": true
            },
            {
              "name": "debug",
              "path": "/nix/store/w3zkq34pfcwnwh235sqszxn3q0knq75s-python3-3.13.1-debug"
            }
          ],
          "store_path": "/nix/store/hskvsfyapfx5sqk5mhcylzbjpxkr51f6-python3-3.13.1"
        },
        "x86_64-darwin": {
          "outputs": [
            {
              "name": "out",
              "path": "/nix/store/aca752v0zczhjak334ldrgfi669nhccf-python3-3.13.1",
              "default": true
            }
          ],
          "store_path": "/nix/store/aca752v0zczhjak334ldrgfi669nhccf-python3-3.13.1"
        },
        "x86_64-linux": {
          "outputs": [
            {
              "name": "out",
              "path": "/nix/store/acxvfb890g9jawlxsj7zs8marxxvzrrs-python3-3.13.1",
              "default": true
            },
            {
              "name": "debug",
              "path": "/nix/store/wfsagf7s6lf1pclh3a0s5m4lrhh8g6hn-python3-3.13.1-debug"
            }
          ],
          "store_path": "/nix/store/acxvfb890g9jawlxsj7zs8marxxvzrrs-python3-3.13.1"
        }
      }
    },
    "rustup@latest": {
      "last_modified": "2025-01-11T15:21:40Z",
      "plugin_version": "0.0.1",
      "resolved": "github:NixOS/nixpkgs/590cc22eefd616c8f90608870d28afe25d37e8b8#rustup",
      "source": "devbox-search",
      "version": "1.27.1",
      "systems": {
        "aarch64-darwin": {
          "outputs": [
            {
              "name": "out",
              "path": "/nix/store/f577am7fddddky4gfsfbzvy22n5qqanh-rustup-1.27.1",
              "default": true
            }
          ],
          "store_path": "/nix/store/f577am7fddddky4gfsfbzvy22n5qqanh-rustup-1.27.1"
        },
        "aarch64-linux": {
          "outputs": [
            {
              "name": "out",
              "path": "/nix/store/88ngn7j1pgljmi74ldlbnk4mm8mfw3a5-rustup-1.27.1",
              "default": true
            }
          ],
          "store_path": "/nix/store/88ngn7j1pgljmi74ldlbnk4mm8mfw3a5-rustup-1.27.1"
        },
        "x86_64-darwin": {
          "outputs": [
            {
              "name": "out",
              "path": "/nix/store/94viny8yipljwgxvyz1xljcg3mpgnyfp-rustup-1.27.1",
              "default": true
            }
          ],
          "store_path": "/nix/store/94viny8yipljwgxvyz1xljcg3mpgnyfp-rustup-1.27.1"
        },
        "x86_64-linux": {
          "outputs": [
            {
              "name": "out",
              "path": "/nix/store/61mams7q42fvaxh33s5vmnb8mljhasw2-rustup-1.27.1",
              "default": true
            }
          ],
          "store_path": "/nix/store/61mams7q42fvaxh33s5vmnb8mljhasw2-rustup-1.27.1"
        }
      }
    },
    "zig@latest": {
      "last_modified": "2024-12-23T21:10:33Z",
      "resolved": "github:NixOS/nixpkgs/de1864217bfa9b5845f465e771e0ecb48b30e02d#zig",
      "source": "devbox-search",
      "version": "0.13.0",
      "systems": {
        "aarch64-darwin": {
          "outputs": [
            {
              "name": "out",
              "path": "/nix/store/csjx3aam31ibs849ignpl12my475w0yk-zig-0.13.0",
              "default": true
            },
            {
              "name": "doc",
              "path": "/nix/store/zmvw3w30z638dmpxrf4cmnsvlwl2kxql-zig-0.13.0-doc"
            }
          ],
          "store_path": "/nix/store/csjx3aam31ibs849ignpl12my475w0yk-zig-0.13.0"
        },
        "aarch64-linux": {
          "outputs": [
            {
              "name": "out",
              "path": "/nix/store/2f59za7dxkvjipila59ql0f5affnphqf-zig-0.13.0",
              "default": true
            },
            {
              "name": "doc",
              "path": "/nix/store/jl3j0rskspy4s9y6xjf8r58mmf471vgv-zig-0.13.0-doc"
            }
          ],
          "store_path": "/nix/store/2f59za7dxkvjipila59ql0f5affnphqf-zig-0.13.0"
        },
        "x86_64-darwin": {
          "outputs": [
            {
              "name": "out",
              "path": "/nix/store/w1yvjipcj2zqxdr7j7f2awcsiipyj8lh-zig-0.13.0",
              "default": true
            },
            {
              "name": "doc",
              "path": "/nix/store/zs657ax8sysv4dzikz05ifxnshfz0n7w-zig-0.13.0-doc"
            }
          ],
          "store_path": "/nix/store/w1yvjipcj2zqxdr7j7f2awcsiipyj8lh-zig-0.13.0"
        },
        "x86_64-linux": {
          "outputs": [
            {
              "name": "out",
              "path": "/nix/store/fr6zv46mwvikz78jpvis2iq33f5jg2zl-zig-0.13.0",
              "default": true
            },
            {
              "name": "doc",
              "path": "/nix/store/5gszfwkxvl4s3y5z3brsckcrdj8apwfy-zig-0.13.0-doc"
            }
          ],
          "store_path": "/nix/store/fr6zv46mwvikz78jpvis2iq33f5jg2zl-zig-0.13.0"
        }
      }
    }
  }
}
